// !$*UTF8*$!
{
	archiveVersion = 1;
	classes = {
	};
	objectVersion = 50;
	objects = {

/* Begin PBXBuildFile section */
		C11136FE275E7459003E7DEA /* AppDelegate.swift in Sources */ = {isa = PBXBuildFile; fileRef = C11136FD275E7459003E7DEA /* AppDelegate.swift */; };
		C1113700275E7459003E7DEA /* SceneDelegate.swift in Sources */ = {isa = PBXBuildFile; fileRef = C11136FF275E7459003E7DEA /* SceneDelegate.swift */; };
		C1113708275E7459003E7DEA /* FilmsApp.xcdatamodeld in Sources */ = {isa = PBXBuildFile; fileRef = C1113706275E7459003E7DEA /* FilmsApp.xcdatamodeld */; };
		C111370A275E745A003E7DEA /* Assets.xcassets in Resources */ = {isa = PBXBuildFile; fileRef = C1113709275E745A003E7DEA /* Assets.xcassets */; };
		C111370D275E745A003E7DEA /* LaunchScreen.storyboard in Resources */ = {isa = PBXBuildFile; fileRef = C111370B275E745A003E7DEA /* LaunchScreen.storyboard */; };
		C1113719275E74EA003E7DEA /* MainPresenter.swift in Sources */ = {isa = PBXBuildFile; fileRef = C1113718275E74EA003E7DEA /* MainPresenter.swift */; };
		C1113720275F4489003E7DEA /* FilmsCollection.swift in Sources */ = {isa = PBXBuildFile; fileRef = C111371F275F4489003E7DEA /* FilmsCollection.swift */; };
		C1742F46276CDA2500C33ACD /* DownloadDelegate.swift in Sources */ = {isa = PBXBuildFile; fileRef = C1742F2A276CDA2500C33ACD /* DownloadDelegate.swift */; };
		C1742F48276CDA2500C33ACD /* DownloadSessionManager.swift in Sources */ = {isa = PBXBuildFile; fileRef = C1742F2D276CDA2500C33ACD /* DownloadSessionManager.swift */; };
		C1742F49276CDA2500C33ACD /* DownloadService.swift in Sources */ = {isa = PBXBuildFile; fileRef = C1742F2E276CDA2500C33ACD /* DownloadService.swift */; };
		C1742F4A276CDA2500C33ACD /* DataTransferLogger.swift in Sources */ = {isa = PBXBuildFile; fileRef = C1742F30276CDA2500C33ACD /* DataTransferLogger.swift */; };
		C1742F4B276CDA2500C33ACD /* Requestable.swift in Sources */ = {isa = PBXBuildFile; fileRef = C1742F31276CDA2500C33ACD /* Requestable.swift */; };
		C1742F4C276CDA2500C33ACD /* RequestEncoder.swift in Sources */ = {isa = PBXBuildFile; fileRef = C1742F32276CDA2500C33ACD /* RequestEncoder.swift */; };
		C1742F4D276CDA2500C33ACD /* DataTransferService.swift in Sources */ = {isa = PBXBuildFile; fileRef = C1742F33276CDA2500C33ACD /* DataTransferService.swift */; };
		C1742F4E276CDA2500C33ACD /* ResponseDecoder.swift in Sources */ = {isa = PBXBuildFile; fileRef = C1742F34276CDA2500C33ACD /* ResponseDecoder.swift */; };
		C1742F4F276CDA2500C33ACD /* Endpoint.swift in Sources */ = {isa = PBXBuildFile; fileRef = C1742F35276CDA2500C33ACD /* Endpoint.swift */; };
		C1742F50276CDA2500C33ACD /* Server.swift in Sources */ = {isa = PBXBuildFile; fileRef = C1742F36276CDA2500C33ACD /* Server.swift */; };
		C1742F51276CDA2500C33ACD /* JSONDecoderExtensions.swift in Sources */ = {isa = PBXBuildFile; fileRef = C1742F38276CDA2500C33ACD /* JSONDecoderExtensions.swift */; };
		C1742F52276CDA2500C33ACD /* URLError+Make.swift in Sources */ = {isa = PBXBuildFile; fileRef = C1742F39276CDA2500C33ACD /* URLError+Make.swift */; };
		C1742F53276CDA2500C33ACD /* JSONEncoderExtensions.swift in Sources */ = {isa = PBXBuildFile; fileRef = C1742F3A276CDA2500C33ACD /* JSONEncoderExtensions.swift */; };
		C1742F54276CDA2500C33ACD /* HTTPMethod.swift in Sources */ = {isa = PBXBuildFile; fileRef = C1742F3B276CDA2500C33ACD /* HTTPMethod.swift */; };
		C1742F55276CDA2500C33ACD /* NetworkService.swift in Sources */ = {isa = PBXBuildFile; fileRef = C1742F3D276CDA2500C33ACD /* NetworkService.swift */; };
		C1742F56276CDA2500C33ACD /* NetworkLogger.swift in Sources */ = {isa = PBXBuildFile; fileRef = C1742F3E276CDA2500C33ACD /* NetworkLogger.swift */; };
		C1742F57276CDA2500C33ACD /* NetworkError.swift in Sources */ = {isa = PBXBuildFile; fileRef = C1742F3F276CDA2500C33ACD /* NetworkError.swift */; };
		C1742F58276CDA2500C33ACD /* NetworkTransportService.swift in Sources */ = {isa = PBXBuildFile; fileRef = C1742F41276CDA2500C33ACD /* NetworkTransportService.swift */; };
		C1742F59276CDA2500C33ACD /* NetworkSessionManager.swift in Sources */ = {isa = PBXBuildFile; fileRef = C1742F42276CDA2500C33ACD /* NetworkSessionManager.swift */; };
		C1742F5A276CDA2500C33ACD /* NetworkTransportResponse.swift in Sources */ = {isa = PBXBuildFile; fileRef = C1742F43276CDA2500C33ACD /* NetworkTransportResponse.swift */; };
		C1742F5C276CDA2500C33ACD /* NetworkConfig.swift in Sources */ = {isa = PBXBuildFile; fileRef = C1742F45276CDA2500C33ACD /* NetworkConfig.swift */; };
		C18D0A032770C47F009D6EBC /* MoviesEndpoint.swift in Sources */ = {isa = PBXBuildFile; fileRef = C18D0A022770C47F009D6EBC /* MoviesEndpoint.swift */; };
		C1B11F5B2767DA3C00168892 /* CollectionListCell.swift in Sources */ = {isa = PBXBuildFile; fileRef = C1B11F582767DA3C00168892 /* CollectionListCell.swift */; };
		C1B11F5C2767DA3C00168892 /* MainViewController.swift in Sources */ = {isa = PBXBuildFile; fileRef = C1B11F592767DA3C00168892 /* MainViewController.swift */; };
		C1B11F5D2767DA3C00168892 /* MainCell.swift in Sources */ = {isa = PBXBuildFile; fileRef = C1B11F5A2767DA3C00168892 /* MainCell.swift */; };
		C1B11F5E2767DA6800168892 /* ListViewController.swift in Sources */ = {isa = PBXBuildFile; fileRef = C1B11F562767D97B00168892 /* ListViewController.swift */; };
		C1D7F4AF27718248006F3AE3 /* ListCell.swift in Sources */ = {isa = PBXBuildFile; fileRef = C1D7F4AE27718248006F3AE3 /* ListCell.swift */; };
		C1D7F4B2277279D2006F3AE3 /* Extension.swift in Sources */ = {isa = PBXBuildFile; fileRef = C1D7F4B1277279D2006F3AE3 /* Extension.swift */; };
		C1D7F4B527754710006F3AE3 /* DetailController.swift in Sources */ = {isa = PBXBuildFile; fileRef = C1D7F4B427754710006F3AE3 /* DetailController.swift */; };
/* End PBXBuildFile section */

/* Begin PBXFileReference section */
		C11136FA275E7459003E7DEA /* FilmsApp.app */ = {isa = PBXFileReference; explicitFileType = wrapper.application; includeInIndex = 0; path = FilmsApp.app; sourceTree = BUILT_PRODUCTS_DIR; };
		C11136FD275E7459003E7DEA /* AppDelegate.swift */ = {isa = PBXFileReference; lastKnownFileType = sourcecode.swift; path = AppDelegate.swift; sourceTree = "<group>"; };
		C11136FF275E7459003E7DEA /* SceneDelegate.swift */ = {isa = PBXFileReference; lastKnownFileType = sourcecode.swift; path = SceneDelegate.swift; sourceTree = "<group>"; };
		C1113707275E7459003E7DEA /* FilmsApp.xcdatamodel */ = {isa = PBXFileReference; lastKnownFileType = wrapper.xcdatamodel; path = FilmsApp.xcdatamodel; sourceTree = "<group>"; };
		C1113709275E745A003E7DEA /* Assets.xcassets */ = {isa = PBXFileReference; lastKnownFileType = folder.assetcatalog; path = Assets.xcassets; sourceTree = "<group>"; };
		C111370C275E745A003E7DEA /* Base */ = {isa = PBXFileReference; lastKnownFileType = file.storyboard; name = Base; path = Base.lproj/LaunchScreen.storyboard; sourceTree = "<group>"; };
		C111370E275E745A003E7DEA /* Info.plist */ = {isa = PBXFileReference; lastKnownFileType = text.plist.xml; path = Info.plist; sourceTree = "<group>"; };
		C1113718275E74EA003E7DEA /* MainPresenter.swift */ = {isa = PBXFileReference; lastKnownFileType = sourcecode.swift; path = MainPresenter.swift; sourceTree = "<group>"; };
		C111371F275F4489003E7DEA /* FilmsCollection.swift */ = {isa = PBXFileReference; lastKnownFileType = sourcecode.swift; path = FilmsCollection.swift; sourceTree = "<group>"; };
		C1742F2A276CDA2500C33ACD /* DownloadDelegate.swift */ = {isa = PBXFileReference; fileEncoding = 4; lastKnownFileType = sourcecode.swift; path = DownloadDelegate.swift; sourceTree = "<group>"; };
		C1742F2D276CDA2500C33ACD /* DownloadSessionManager.swift */ = {isa = PBXFileReference; fileEncoding = 4; lastKnownFileType = sourcecode.swift; path = DownloadSessionManager.swift; sourceTree = "<group>"; };
		C1742F2E276CDA2500C33ACD /* DownloadService.swift */ = {isa = PBXFileReference; fileEncoding = 4; lastKnownFileType = sourcecode.swift; path = DownloadService.swift; sourceTree = "<group>"; };
		C1742F30276CDA2500C33ACD /* DataTransferLogger.swift */ = {isa = PBXFileReference; fileEncoding = 4; lastKnownFileType = sourcecode.swift; path = DataTransferLogger.swift; sourceTree = "<group>"; };
		C1742F31276CDA2500C33ACD /* Requestable.swift */ = {isa = PBXFileReference; fileEncoding = 4; lastKnownFileType = sourcecode.swift; path = Requestable.swift; sourceTree = "<group>"; };
		C1742F32276CDA2500C33ACD /* RequestEncoder.swift */ = {isa = PBXFileReference; fileEncoding = 4; lastKnownFileType = sourcecode.swift; path = RequestEncoder.swift; sourceTree = "<group>"; };
		C1742F33276CDA2500C33ACD /* DataTransferService.swift */ = {isa = PBXFileReference; fileEncoding = 4; lastKnownFileType = sourcecode.swift; path = DataTransferService.swift; sourceTree = "<group>"; };
		C1742F34276CDA2500C33ACD /* ResponseDecoder.swift */ = {isa = PBXFileReference; fileEncoding = 4; lastKnownFileType = sourcecode.swift; path = ResponseDecoder.swift; sourceTree = "<group>"; };
		C1742F35276CDA2500C33ACD /* Endpoint.swift */ = {isa = PBXFileReference; fileEncoding = 4; lastKnownFileType = sourcecode.swift; path = Endpoint.swift; sourceTree = "<group>"; };
		C1742F36276CDA2500C33ACD /* Server.swift */ = {isa = PBXFileReference; fileEncoding = 4; lastKnownFileType = sourcecode.swift; path = Server.swift; sourceTree = "<group>"; };
		C1742F38276CDA2500C33ACD /* JSONDecoderExtensions.swift */ = {isa = PBXFileReference; fileEncoding = 4; lastKnownFileType = sourcecode.swift; path = JSONDecoderExtensions.swift; sourceTree = "<group>"; };
		C1742F39276CDA2500C33ACD /* URLError+Make.swift */ = {isa = PBXFileReference; fileEncoding = 4; lastKnownFileType = sourcecode.swift; path = "URLError+Make.swift"; sourceTree = "<group>"; };
		C1742F3A276CDA2500C33ACD /* JSONEncoderExtensions.swift */ = {isa = PBXFileReference; fileEncoding = 4; lastKnownFileType = sourcecode.swift; path = JSONEncoderExtensions.swift; sourceTree = "<group>"; };
		C1742F3B276CDA2500C33ACD /* HTTPMethod.swift */ = {isa = PBXFileReference; fileEncoding = 4; lastKnownFileType = sourcecode.swift; path = HTTPMethod.swift; sourceTree = "<group>"; };
		C1742F3D276CDA2500C33ACD /* NetworkService.swift */ = {isa = PBXFileReference; fileEncoding = 4; lastKnownFileType = sourcecode.swift; path = NetworkService.swift; sourceTree = "<group>"; };
		C1742F3E276CDA2500C33ACD /* NetworkLogger.swift */ = {isa = PBXFileReference; fileEncoding = 4; lastKnownFileType = sourcecode.swift; path = NetworkLogger.swift; sourceTree = "<group>"; };
		C1742F3F276CDA2500C33ACD /* NetworkError.swift */ = {isa = PBXFileReference; fileEncoding = 4; lastKnownFileType = sourcecode.swift; path = NetworkError.swift; sourceTree = "<group>"; };
		C1742F41276CDA2500C33ACD /* NetworkTransportService.swift */ = {isa = PBXFileReference; fileEncoding = 4; lastKnownFileType = sourcecode.swift; path = NetworkTransportService.swift; sourceTree = "<group>"; };
		C1742F42276CDA2500C33ACD /* NetworkSessionManager.swift */ = {isa = PBXFileReference; fileEncoding = 4; lastKnownFileType = sourcecode.swift; path = NetworkSessionManager.swift; sourceTree = "<group>"; };
		C1742F43276CDA2500C33ACD /* NetworkTransportResponse.swift */ = {isa = PBXFileReference; fileEncoding = 4; lastKnownFileType = sourcecode.swift; path = NetworkTransportResponse.swift; sourceTree = "<group>"; };
		C1742F45276CDA2500C33ACD /* NetworkConfig.swift */ = {isa = PBXFileReference; fileEncoding = 4; lastKnownFileType = sourcecode.swift; path = NetworkConfig.swift; sourceTree = "<group>"; };
		C18D0A022770C47F009D6EBC /* MoviesEndpoint.swift */ = {isa = PBXFileReference; lastKnownFileType = sourcecode.swift; path = MoviesEndpoint.swift; sourceTree = "<group>"; };
		C1B11F562767D97B00168892 /* ListViewController.swift */ = {isa = PBXFileReference; lastKnownFileType = sourcecode.swift; path = ListViewController.swift; sourceTree = "<group>"; };
		C1B11F582767DA3C00168892 /* CollectionListCell.swift */ = {isa = PBXFileReference; fileEncoding = 4; lastKnownFileType = sourcecode.swift; path = CollectionListCell.swift; sourceTree = "<group>"; };
		C1B11F592767DA3C00168892 /* MainViewController.swift */ = {isa = PBXFileReference; fileEncoding = 4; lastKnownFileType = sourcecode.swift; path = MainViewController.swift; sourceTree = "<group>"; };
		C1B11F5A2767DA3C00168892 /* MainCell.swift */ = {isa = PBXFileReference; fileEncoding = 4; lastKnownFileType = sourcecode.swift; path = MainCell.swift; sourceTree = "<group>"; };
		C1D7F4AE27718248006F3AE3 /* ListCell.swift */ = {isa = PBXFileReference; lastKnownFileType = sourcecode.swift; path = ListCell.swift; sourceTree = "<group>"; };
		C1D7F4B1277279D2006F3AE3 /* Extension.swift */ = {isa = PBXFileReference; lastKnownFileType = sourcecode.swift; path = Extension.swift; sourceTree = "<group>"; };
		C1D7F4B427754710006F3AE3 /* DetailController.swift */ = {isa = PBXFileReference; lastKnownFileType = sourcecode.swift; path = DetailController.swift; sourceTree = "<group>"; };
/* End PBXFileReference section */

/* Begin PBXFrameworksBuildPhase section */
		C11136F7275E7459003E7DEA /* Frameworks */ = {
			isa = PBXFrameworksBuildPhase;
			buildActionMask = 2147483647;
			files = (
			);
			runOnlyForDeploymentPostprocessing = 0;
		};
/* End PBXFrameworksBuildPhase section */

/* Begin PBXGroup section */
		C11136F1275E7459003E7DEA = {
			isa = PBXGroup;
			children = (
				C11136FC275E7459003E7DEA /* FilmsApp */,
				C11136FB275E7459003E7DEA /* Products */,
			);
			sourceTree = "<group>";
		};
		C11136FB275E7459003E7DEA /* Products */ = {
			isa = PBXGroup;
			children = (
				C11136FA275E7459003E7DEA /* FilmsApp.app */,
			);
			name = Products;
			sourceTree = "<group>";
		};
		C11136FC275E7459003E7DEA /* FilmsApp */ = {
			isa = PBXGroup;
			children = (
				C1742F28276CDA2500C33ACD /* Network1 */,
				C1113714275E748A003E7DEA /* App */,
				C1113717275E74B9003E7DEA /* EndPoint */,
				C1113716275E74AB003E7DEA /* View */,
				C1113715275E7498003E7DEA /* Presenter */,
				C1113709275E745A003E7DEA /* Assets.xcassets */,
				C111370B275E745A003E7DEA /* LaunchScreen.storyboard */,
				C111370E275E745A003E7DEA /* Info.plist */,
				C1113706275E7459003E7DEA /* FilmsApp.xcdatamodeld */,
			);
			path = FilmsApp;
			sourceTree = "<group>";
		};
		C1113714275E748A003E7DEA /* App */ = {
			isa = PBXGroup;
			children = (
				C11136FD275E7459003E7DEA /* AppDelegate.swift */,
				C11136FF275E7459003E7DEA /* SceneDelegate.swift */,
			);
			path = App;
			sourceTree = "<group>";
		};
		C1113715275E7498003E7DEA /* Presenter */ = {
			isa = PBXGroup;
			children = (
				C1113718275E74EA003E7DEA /* MainPresenter.swift */,
			);
			path = Presenter;
			sourceTree = "<group>";
		};
		C1113716275E74AB003E7DEA /* View */ = {
			isa = PBXGroup;
			children = (
				C1B11F572767DA2600168892 /* GeneralController */,
				C1B11F5F276805EE00168892 /* ListController */,
				C1D7F4B3277546B0006F3AE3 /* DetailController */,
			);
			path = View;
			sourceTree = "<group>";
		};
		C1113717275E74B9003E7DEA /* EndPoint */ = {
			isa = PBXGroup;
			children = (
				C111371F275F4489003E7DEA /* FilmsCollection.swift */,
				C18D0A022770C47F009D6EBC /* MoviesEndpoint.swift */,
			);
			path = EndPoint;
			sourceTree = "<group>";
		};
		C1742F28276CDA2500C33ACD /* Network1 */ = {
			isa = PBXGroup;
			children = (
				C1742F29276CDA2500C33ACD /* DownloadService */,
				C1742F2F276CDA2500C33ACD /* DataTransferLevel */,
				C1742F36276CDA2500C33ACD /* Server.swift */,
				C1742F37276CDA2500C33ACD /* Extensions */,
				C1742F3B276CDA2500C33ACD /* HTTPMethod.swift */,
				C1742F3C276CDA2500C33ACD /* NetworkLevel */,
				C1742F40276CDA2500C33ACD /* TransportLevel */,
				C1742F45276CDA2500C33ACD /* NetworkConfig.swift */,
			);
			path = Network1;
			sourceTree = "<group>";
		};
		C1742F29276CDA2500C33ACD /* DownloadService */ = {
			isa = PBXGroup;
			children = (
				C1742F2A276CDA2500C33ACD /* DownloadDelegate.swift */,
				C1742F2B276CDA2500C33ACD /* SessionManager */,
				C1742F2E276CDA2500C33ACD /* DownloadService.swift */,
			);
			path = DownloadService;
			sourceTree = "<group>";
		};
		C1742F2B276CDA2500C33ACD /* SessionManager */ = {
			isa = PBXGroup;
			children = (
				C1742F2D276CDA2500C33ACD /* DownloadSessionManager.swift */,
			);
			path = SessionManager;
			sourceTree = "<group>";
		};
		C1742F2F276CDA2500C33ACD /* DataTransferLevel */ = {
			isa = PBXGroup;
			children = (
				C1742F30276CDA2500C33ACD /* DataTransferLogger.swift */,
				C1742F31276CDA2500C33ACD /* Requestable.swift */,
				C1742F32276CDA2500C33ACD /* RequestEncoder.swift */,
				C1742F33276CDA2500C33ACD /* DataTransferService.swift */,
				C1742F34276CDA2500C33ACD /* ResponseDecoder.swift */,
				C1742F35276CDA2500C33ACD /* Endpoint.swift */,
			);
			path = DataTransferLevel;
			sourceTree = "<group>";
		};
		C1742F37276CDA2500C33ACD /* Extensions */ = {
			isa = PBXGroup;
			children = (
				C1742F38276CDA2500C33ACD /* JSONDecoderExtensions.swift */,
				C1742F39276CDA2500C33ACD /* URLError+Make.swift */,
				C1742F3A276CDA2500C33ACD /* JSONEncoderExtensions.swift */,
			);
			path = Extensions;
			sourceTree = "<group>";
		};
		C1742F3C276CDA2500C33ACD /* NetworkLevel */ = {
			isa = PBXGroup;
			children = (
				C1742F3D276CDA2500C33ACD /* NetworkService.swift */,
				C1742F3E276CDA2500C33ACD /* NetworkLogger.swift */,
				C1742F3F276CDA2500C33ACD /* NetworkError.swift */,
			);
			path = NetworkLevel;
			sourceTree = "<group>";
		};
		C1742F40276CDA2500C33ACD /* TransportLevel */ = {
			isa = PBXGroup;
			children = (
				C1742F41276CDA2500C33ACD /* NetworkTransportService.swift */,
				C1742F42276CDA2500C33ACD /* NetworkSessionManager.swift */,
				C1742F43276CDA2500C33ACD /* NetworkTransportResponse.swift */,
			);
			path = TransportLevel;
			sourceTree = "<group>";
		};
		C1B11F572767DA2600168892 /* GeneralController */ = {
			isa = PBXGroup;
			children = (
				C1B11F592767DA3C00168892 /* MainViewController.swift */,
				C1B11F5A2767DA3C00168892 /* MainCell.swift */,
				C1B11F582767DA3C00168892 /* CollectionListCell.swift */,
			);
			path = GeneralController;
			sourceTree = "<group>";
		};
		C1B11F5F276805EE00168892 /* ListController */ = {
			isa = PBXGroup;
			children = (
				C1B11F562767D97B00168892 /* ListViewController.swift */,
				C1D7F4AE27718248006F3AE3 /* ListCell.swift */,
				C1D7F4B1277279D2006F3AE3 /* Extension.swift */,
			);
			path = ListController;
			sourceTree = "<group>";
		};
		C1D7F4B3277546B0006F3AE3 /* DetailController */ = {
			isa = PBXGroup;
			children = (
				C1D7F4B427754710006F3AE3 /* DetailController.swift */,
			);
			path = DetailController;
			sourceTree = "<group>";
		};
/* End PBXGroup section */

/* Begin PBXNativeTarget section */
		C11136F9275E7459003E7DEA /* FilmsApp */ = {
			isa = PBXNativeTarget;
			buildConfigurationList = C1113711275E745A003E7DEA /* Build configuration list for PBXNativeTarget "FilmsApp" */;
			buildPhases = (
				C11136F6275E7459003E7DEA /* Sources */,
				C11136F7275E7459003E7DEA /* Frameworks */,
				C11136F8275E7459003E7DEA /* Resources */,
			);
			buildRules = (
			);
			dependencies = (
			);
			name = FilmsApp;
			productName = FilmsApp;
			productReference = C11136FA275E7459003E7DEA /* FilmsApp.app */;
			productType = "com.apple.product-type.application";
		};
/* End PBXNativeTarget section */

/* Begin PBXProject section */
		C11136F2275E7459003E7DEA /* Project object */ = {
			isa = PBXProject;
			attributes = {
				LastSwiftUpdateCheck = 1250;
				LastUpgradeCheck = 1250;
				TargetAttributes = {
					C11136F9275E7459003E7DEA = {
						CreatedOnToolsVersion = 12.5;
					};
				};
			};
			buildConfigurationList = C11136F5275E7459003E7DEA /* Build configuration list for PBXProject "FilmsApp" */;
			compatibilityVersion = "Xcode 9.3";
			developmentRegion = en;
			hasScannedForEncodings = 0;
			knownRegions = (
				en,
				Base,
			);
			mainGroup = C11136F1275E7459003E7DEA;
			productRefGroup = C11136FB275E7459003E7DEA /* Products */;
			projectDirPath = "";
			projectRoot = "";
			targets = (
				C11136F9275E7459003E7DEA /* FilmsApp */,
			);
		};
/* End PBXProject section */

/* Begin PBXResourcesBuildPhase section */
		C11136F8275E7459003E7DEA /* Resources */ = {
			isa = PBXResourcesBuildPhase;
			buildActionMask = 2147483647;
			files = (
				C111370D275E745A003E7DEA /* LaunchScreen.storyboard in Resources */,
				C111370A275E745A003E7DEA /* Assets.xcassets in Resources */,
			);
			runOnlyForDeploymentPostprocessing = 0;
		};
/* End PBXResourcesBuildPhase section */

/* Begin PBXSourcesBuildPhase section */
		C11136F6275E7459003E7DEA /* Sources */ = {
			isa = PBXSourcesBuildPhase;
			buildActionMask = 2147483647;
			files = (
				C1B11F5B2767DA3C00168892 /* CollectionListCell.swift in Sources */,
				C1742F4B276CDA2500C33ACD /* Requestable.swift in Sources */,
				C1742F4D276CDA2500C33ACD /* DataTransferService.swift in Sources */,
				C1742F48276CDA2500C33ACD /* DownloadSessionManager.swift in Sources */,
				C1742F55276CDA2500C33ACD /* NetworkService.swift in Sources */,
				C1742F56276CDA2500C33ACD /* NetworkLogger.swift in Sources */,
				C1113720275F4489003E7DEA /* FilmsCollection.swift in Sources */,
				C1742F57276CDA2500C33ACD /* NetworkError.swift in Sources */,
				C1742F4E276CDA2500C33ACD /* ResponseDecoder.swift in Sources */,
				C1742F4A276CDA2500C33ACD /* DataTransferLogger.swift in Sources */,
				C1D7F4AF27718248006F3AE3 /* ListCell.swift in Sources */,
				C1742F50276CDA2500C33ACD /* Server.swift in Sources */,
				C1D7F4B527754710006F3AE3 /* DetailController.swift in Sources */,
				C1742F53276CDA2500C33ACD /* JSONEncoderExtensions.swift in Sources */,
				C1B11F5D2767DA3C00168892 /* MainCell.swift in Sources */,
				C1113708275E7459003E7DEA /* FilmsApp.xcdatamodeld in Sources */,
				C1742F46276CDA2500C33ACD /* DownloadDelegate.swift in Sources */,
				C1742F5A276CDA2500C33ACD /* NetworkTransportResponse.swift in Sources */,
				C1742F58276CDA2500C33ACD /* NetworkTransportService.swift in Sources */,
				C1742F4C276CDA2500C33ACD /* RequestEncoder.swift in Sources */,
				C1742F5C276CDA2500C33ACD /* NetworkConfig.swift in Sources */,
				C11136FE275E7459003E7DEA /* AppDelegate.swift in Sources */,
				C1742F49276CDA2500C33ACD /* DownloadService.swift in Sources */,
				C1B11F5C2767DA3C00168892 /* MainViewController.swift in Sources */,
				C18D0A032770C47F009D6EBC /* MoviesEndpoint.swift in Sources */,
				C1B11F5E2767DA6800168892 /* ListViewController.swift in Sources */,
				C1742F52276CDA2500C33ACD /* URLError+Make.swift in Sources */,
				C1113700275E7459003E7DEA /* SceneDelegate.swift in Sources */,
				C1742F54276CDA2500C33ACD /* HTTPMethod.swift in Sources */,
				C1D7F4B2277279D2006F3AE3 /* Extension.swift in Sources */,
				C1742F4F276CDA2500C33ACD /* Endpoint.swift in Sources */,
				C1742F51276CDA2500C33ACD /* JSONDecoderExtensions.swift in Sources */,
				C1113719275E74EA003E7DEA /* MainPresenter.swift in Sources */,
				C1742F59276CDA2500C33ACD /* NetworkSessionManager.swift in Sources */,
			);
			runOnlyForDeploymentPostprocessing = 0;
		};
/* End PBXSourcesBuildPhase section */

/* Begin PBXVariantGroup section */
		C111370B275E745A003E7DEA /* LaunchScreen.storyboard */ = {
			isa = PBXVariantGroup;
			children = (
				C111370C275E745A003E7DEA /* Base */,
			);
			name = LaunchScreen.storyboard;
			sourceTree = "<group>";
		};
/* End PBXVariantGroup section */

/* Begin XCBuildConfiguration section */
		C111370F275E745A003E7DEA /* Debug */ = {
			isa = XCBuildConfiguration;
			buildSettings = {
				ALWAYS_SEARCH_USER_PATHS = NO;
				CLANG_ANALYZER_NONNULL = YES;
				CLANG_ANALYZER_NUMBER_OBJECT_CONVERSION = YES_AGGRESSIVE;
				CLANG_CXX_LANGUAGE_STANDARD = "gnu++14";
				CLANG_CXX_LIBRARY = "libc++";
				CLANG_ENABLE_MODULES = YES;
				CLANG_ENABLE_OBJC_ARC = YES;
				CLANG_ENABLE_OBJC_WEAK = YES;
				CLANG_WARN_BLOCK_CAPTURE_AUTORELEASING = YES;
				CLANG_WARN_BOOL_CONVERSION = YES;
				CLANG_WARN_COMMA = YES;
				CLANG_WARN_CONSTANT_CONVERSION = YES;
				CLANG_WARN_DEPRECATED_OBJC_IMPLEMENTATIONS = YES;
				CLANG_WARN_DIRECT_OBJC_ISA_USAGE = YES_ERROR;
				CLANG_WARN_DOCUMENTATION_COMMENTS = YES;
				CLANG_WARN_EMPTY_BODY = YES;
				CLANG_WARN_ENUM_CONVERSION = YES;
				CLANG_WARN_INFINITE_RECURSION = YES;
				CLANG_WARN_INT_CONVERSION = YES;
				CLANG_WARN_NON_LITERAL_NULL_CONVERSION = YES;
				CLANG_WARN_OBJC_IMPLICIT_RETAIN_SELF = YES;
				CLANG_WARN_OBJC_LITERAL_CONVERSION = YES;
				CLANG_WARN_OBJC_ROOT_CLASS = YES_ERROR;
				CLANG_WARN_QUOTED_INCLUDE_IN_FRAMEWORK_HEADER = YES;
				CLANG_WARN_RANGE_LOOP_ANALYSIS = YES;
				CLANG_WARN_STRICT_PROTOTYPES = YES;
				CLANG_WARN_SUSPICIOUS_MOVE = YES;
				CLANG_WARN_UNGUARDED_AVAILABILITY = YES_AGGRESSIVE;
				CLANG_WARN_UNREACHABLE_CODE = YES;
				CLANG_WARN__DUPLICATE_METHOD_MATCH = YES;
				COPY_PHASE_STRIP = NO;
				DEBUG_INFORMATION_FORMAT = dwarf;
				ENABLE_STRICT_OBJC_MSGSEND = YES;
				ENABLE_TESTABILITY = YES;
				GCC_C_LANGUAGE_STANDARD = gnu11;
				GCC_DYNAMIC_NO_PIC = NO;
				GCC_NO_COMMON_BLOCKS = YES;
				GCC_OPTIMIZATION_LEVEL = 0;
				GCC_PREPROCESSOR_DEFINITIONS = (
					"DEBUG=1",
					"$(inherited)",
				);
				GCC_WARN_64_TO_32_BIT_CONVERSION = YES;
				GCC_WARN_ABOUT_RETURN_TYPE = YES_ERROR;
				GCC_WARN_UNDECLARED_SELECTOR = YES;
				GCC_WARN_UNINITIALIZED_AUTOS = YES_AGGRESSIVE;
				GCC_WARN_UNUSED_FUNCTION = YES;
				GCC_WARN_UNUSED_VARIABLE = YES;
				IPHONEOS_DEPLOYMENT_TARGET = 14.5;
				MTL_ENABLE_DEBUG_INFO = INCLUDE_SOURCE;
				MTL_FAST_MATH = YES;
				ONLY_ACTIVE_ARCH = YES;
				SDKROOT = iphoneos;
				SWIFT_ACTIVE_COMPILATION_CONDITIONS = DEBUG;
				SWIFT_OPTIMIZATION_LEVEL = "-Onone";
			};
			name = Debug;
		};
		C1113710275E745A003E7DEA /* Release */ = {
			isa = XCBuildConfiguration;
			buildSettings = {
				ALWAYS_SEARCH_USER_PATHS = NO;
				CLANG_ANALYZER_NONNULL = YES;
				CLANG_ANALYZER_NUMBER_OBJECT_CONVERSION = YES_AGGRESSIVE;
				CLANG_CXX_LANGUAGE_STANDARD = "gnu++14";
				CLANG_CXX_LIBRARY = "libc++";
				CLANG_ENABLE_MODULES = YES;
				CLANG_ENABLE_OBJC_ARC = YES;
				CLANG_ENABLE_OBJC_WEAK = YES;
				CLANG_WARN_BLOCK_CAPTURE_AUTORELEASING = YES;
				CLANG_WARN_BOOL_CONVERSION = YES;
				CLANG_WARN_COMMA = YES;
				CLANG_WARN_CONSTANT_CONVERSION = YES;
				CLANG_WARN_DEPRECATED_OBJC_IMPLEMENTATIONS = YES;
				CLANG_WARN_DIRECT_OBJC_ISA_USAGE = YES_ERROR;
				CLANG_WARN_DOCUMENTATION_COMMENTS = YES;
				CLANG_WARN_EMPTY_BODY = YES;
				CLANG_WARN_ENUM_CONVERSION = YES;
				CLANG_WARN_INFINITE_RECURSION = YES;
				CLANG_WARN_INT_CONVERSION = YES;
				CLANG_WARN_NON_LITERAL_NULL_CONVERSION = YES;
				CLANG_WARN_OBJC_IMPLICIT_RETAIN_SELF = YES;
				CLANG_WARN_OBJC_LITERAL_CONVERSION = YES;
				CLANG_WARN_OBJC_ROOT_CLASS = YES_ERROR;
				CLANG_WARN_QUOTED_INCLUDE_IN_FRAMEWORK_HEADER = YES;
				CLANG_WARN_RANGE_LOOP_ANALYSIS = YES;
				CLANG_WARN_STRICT_PROTOTYPES = YES;
				CLANG_WARN_SUSPICIOUS_MOVE = YES;
				CLANG_WARN_UNGUARDED_AVAILABILITY = YES_AGGRESSIVE;
				CLANG_WARN_UNREACHABLE_CODE = YES;
				CLANG_WARN__DUPLICATE_METHOD_MATCH = YES;
				COPY_PHASE_STRIP = NO;
				DEBUG_INFORMATION_FORMAT = "dwarf-with-dsym";
				ENABLE_NS_ASSERTIONS = NO;
				ENABLE_STRICT_OBJC_MSGSEND = YES;
				GCC_C_LANGUAGE_STANDARD = gnu11;
				GCC_NO_COMMON_BLOCKS = YES;
				GCC_WARN_64_TO_32_BIT_CONVERSION = YES;
				GCC_WARN_ABOUT_RETURN_TYPE = YES_ERROR;
				GCC_WARN_UNDECLARED_SELECTOR = YES;
				GCC_WARN_UNINITIALIZED_AUTOS = YES_AGGRESSIVE;
				GCC_WARN_UNUSED_FUNCTION = YES;
				GCC_WARN_UNUSED_VARIABLE = YES;
				IPHONEOS_DEPLOYMENT_TARGET = 14.5;
				MTL_ENABLE_DEBUG_INFO = NO;
				MTL_FAST_MATH = YES;
				SDKROOT = iphoneos;
				SWIFT_COMPILATION_MODE = wholemodule;
				SWIFT_OPTIMIZATION_LEVEL = "-O";
				VALIDATE_PRODUCT = YES;
			};
			name = Release;
		};
		C1113712275E745A003E7DEA /* Debug */ = {
			isa = XCBuildConfiguration;
			buildSettings = {
				ASSETCATALOG_COMPILER_APPICON_NAME = AppIcon;
				ASSETCATALOG_COMPILER_GLOBAL_ACCENT_COLOR_NAME = AccentColor;
				CODE_SIGN_STYLE = Automatic;
				DEVELOPMENT_TEAM = NLRBJCDJ8Q;
				INFOPLIST_FILE = FilmsApp/Info.plist;
				LD_RUNPATH_SEARCH_PATHS = (
					"$(inherited)",
					"@executable_path/Frameworks",
				);
				PRODUCT_BUNDLE_IDENTIFIER = co.maksmorgy.FilmsApp;
				PRODUCT_NAME = "$(TARGET_NAME)";
				SWIFT_VERSION = 5.0;
				TARGETED_DEVICE_FAMILY = "1,2";
			};
			name = Debug;
		};
		C1113713275E745A003E7DEA /* Release */ = {
			isa = XCBuildConfiguration;
			buildSettings = {
				ASSETCATALOG_COMPILER_APPICON_NAME = AppIcon;
				ASSETCATALOG_COMPILER_GLOBAL_ACCENT_COLOR_NAME = AccentColor;
				CODE_SIGN_STYLE = Automatic;
				DEVELOPMENT_TEAM = NLRBJCDJ8Q;
				INFOPLIST_FILE = FilmsApp/Info.plist;
				LD_RUNPATH_SEARCH_PATHS = (
					"$(inherited)",
					"@executable_path/Frameworks",
				);
				PRODUCT_BUNDLE_IDENTIFIER = co.maksmorgy.FilmsApp;
				PRODUCT_NAME = "$(TARGET_NAME)";
				SWIFT_VERSION = 5.0;
				TARGETED_DEVICE_FAMILY = "1,2";
			};
			name = Release;
		};
/* End XCBuildConfiguration section */

/* Begin XCConfigurationList section */
		C11136F5275E7459003E7DEA /* Build configuration list for PBXProject "FilmsApp" */ = {
			isa = XCConfigurationList;
			buildConfigurations = (
				C111370F275E745A003E7DEA /* Debug */,
				C1113710275E745A003E7DEA /* Release */,
			);
			defaultConfigurationIsVisible = 0;
			defaultConfigurationName = Release;
		};
		C1113711275E745A003E7DEA /* Build configuration list for PBXNativeTarget "FilmsApp" */ = {
			isa = XCConfigurationList;
			buildConfigurations = (
				C1113712275E745A003E7DEA /* Debug */,
				C1113713275E745A003E7DEA /* Release */,
			);
			defaultConfigurationIsVisible = 0;
			defaultConfigurationName = Release;
		};
/* End XCConfigurationList section */

/* Begin XCVersionGroup section */
		C1113706275E7459003E7DEA /* FilmsApp.xcdatamodeld */ = {
			isa = XCVersionGroup;
			children = (
				C1113707275E7459003E7DEA /* FilmsApp.xcdatamodel */,
			);
			currentVersion = C1113707275E7459003E7DEA /* FilmsApp.xcdatamodel */;
			path = FilmsApp.xcdatamodeld;
			sourceTree = "<group>";
			versionGroupType = wrapper.xcdatamodel;
		};
/* End XCVersionGroup section */
	};
	rootObject = C11136F2275E7459003E7DEA /* Project object */;
}
